
Microsoft Visual Studio Solution File, Format Version 11.00
# Visual Studio 2010
Project("{FAE04EC0-301F-11D3-BF4B-00C04F79EFBC}") = "essencelib", "essencelib.csproj", "{02F3D363-CBE6-4F42-9ADD-76C293209150}"
EndProject
Project("{FAE04EC0-301F-11D3-BF4B-00C04F79EFBC}") = "ExifViewer", "..\demo_src\ExifViewer\ExifViewer.csproj", "{3825FC4E-B87C-445C-94CE-09CEAA1E9125}"
	ProjectSection(ProjectDependencies) = postProject
		{02F3D363-CBE6-4F42-9ADD-76C293209150} = {02F3D363-CBE6-4F42-9ADD-76C293209150}
	EndProjectSection
EndProject
Global
	GlobalSection(SolutionConfigurationPlatforms) = preSolution
		Debug|Any CPU = Debug|Any CPU
		Debug|Mixed Platforms = Debug|Mixed Platforms
		Debug|x86 = Debug|x86
		Release|Any CPU = Release|Any CPU
		Release|Mixed Platforms = Release|Mixed Platforms
		Release|x86 = Release|x86
	EndGlobalSection
	GlobalSection(ProjectConfigurationPlatforms) = postSolution
		{02F3D363-CBE6-4F42-9ADD-76C293209150}.Debug|Any CPU.ActiveCfg = Debug|Any CPU
		{02F3D363-CBE6-4F42-9ADD-76C293209150}.Debug|Any CPU.Build.0 = Debug|Any CPU
		{02F3D363-CBE6-4F42-9ADD-76C293209150}.Debug|Mixed Platforms.ActiveCfg = Debug|Any CPU
		{02F3D363-CBE6-4F42-9ADD-76C293209150}.Debug|Mixed Platforms.Build.0 = Debug|Any CPU
		{02F3D363-CBE6-4F42-9ADD-76C293209150}.Debug|x86.ActiveCfg = Debug|Any CPU
		{02F3D363-CBE6-4F42-9ADD-76C293209150}.Release|Any CPU.ActiveCfg = Release|Any CPU
		{02F3D363-CBE6-4F42-9ADD-76C293209150}.Release|Any CPU.Build.0 = Release|Any CPU
		{02F3D363-CBE6-4F42-9ADD-76C293209150}.Release|Mixed Platforms.ActiveCfg = Release|Any CPU
		{02F3D363-CBE6-4F42-9ADD-76C293209150}.Release|Mixed Platforms.Build.0 = Release|Any CPU
		{02F3D363-CBE6-4F42-9ADD-76C293209150}.Release|x86.ActiveCfg = Release|Any CPU
		{3825FC4E-B87C-445C-94CE-09CEAA1E9125}.Debug|Any CPU.ActiveCfg = Debug|x86
		{3825FC4E-B87C-445C-94CE-09CEAA1E9125}.Debug|Any CPU.Build.0 = Debug|x86
		{3825FC4E-B87C-445C-94CE-09CEAA1E9125}.Debug|Mixed Platforms.ActiveCfg = Debug|x86
		{3825FC4E-B87C-445C-94CE-09CEAA1E9125}.Debug|Mixed Platforms.Build.0 = Debug|x86
		{3825FC4E-B87C-445C-94CE-09CEAA1E9125}.Debug|x86.ActiveCfg = Debug|x86
		{3825FC4E-B87C-445C-94CE-09CEAA1E9125}.Debug|x86.Build.0 = Debug|x86
		{3825FC4E-B87C-445C-94CE-09CEAA1E9125}.Release|Any CPU.ActiveCfg = Release|x86
		{3825FC4E-B87C-445C-94CE-09CEAA1E9125}.Release|Any CPU.Build.0 = Release|x86
		{3825FC4E-B87C-445C-94CE-09CEAA1E9125}.Release|Mixed Platforms.ActiveCfg = Release|x86
		{3825FC4E-B87C-445C-94CE-09CEAA1E9125}.Release|Mixed Platforms.Build.0 = Release|x86
		{3825FC4E-B87C-445C-94CE-09CEAA1E9125}.Release|x86.ActiveCfg = Release|x86
		{3825FC4E-B87C-445C-94CE-09CEAA1E9125}.Release|x86.Build.0 = Release|x86
	EndGlobalSection
	GlobalSection(SolutionProperties) = preSolution
		HideSolutionNode = FALSE
	EndGlobalSection
EndGlobal
